---
name: Bug report
about: Document a functional defect with clear QA evidence
title: "BUG-000: "
labels: bug
assignees: ""
---

## Summary

Briefly describe the defect.

## Environment

- **Browser:**
- **OS:**
- **Application:**
- **Application URL:**
- **Test account:**
- **Test type:**
- **Area:**

## Preconditions

- 

## Steps to Reproduce

1. 
2. 
3. 

## Expected Result

Describe what should happen.

## Actual Result

Describe what actually happened.

## Severity

Choose one: Critical / High / Medium / Low

## Priority

Choose one: High / Medium / Low

## Impact

Explain the user or business impact.

## Frequency

Reproducible / Intermittent / One-time observation

## Workaround

Document any known workaround or write `No reliable workaround identified`.

## Related Test Case

`TC-000` — test case name

## Related Requirement

Write the related expected behavior.

## Evidence

Attach screenshots, videos, traces, or logs when available.

## Status

Open
